
Microsoft Visual Studio Solution File, Format Version 12.00
# Visual Studio 14
VisualStudioVersion = 14.0.25420.1
MinimumVisualStudioVersion = 10.0.40219.1
Project("{FAE04EC0-301F-11D3-BF4B-00C04F79EFBC}") = "CelestialEngine", "CelestialEngine\CelestialEngine.csproj", "{2784BC2C-E1C6-40E2-ABFD-6E1B5B821F0E}"
EndProject
Project("{2150E333-8FDC-42A3-9474-1A3956D46DE8}") = "examples", "examples", "{CD309A64-0CC6-4316-AA65-B203BAB88176}"
EndProject
Project("{FAE04EC0-301F-11D3-BF4B-00C04F79EFBC}") = "PhysicsDemo", "examples\PhysicsDemo\PhysicsDemo.csproj", "{0272540F-D454-4633-9F67-B3EB1392D2C7}"
EndProject
Project("{FAE04EC0-301F-11D3-BF4B-00C04F79EFBC}") = "CelestialDemo", "examples\CelestialDemo\CelestialDemo.csproj", "{5DA09037-9BDF-4DE6-8928-29FD47B35230}"
EndProject
Global
	GlobalSection(SolutionConfigurationPlatforms) = preSolution
		Debug|Any CPU = Debug|Any CPU
		Debug|x86 = Debug|x86
		Release|Any CPU = Release|Any CPU
		Release|x86 = Release|x86
	EndGlobalSection
	GlobalSection(ProjectConfigurationPlatforms) = postSolution
		{2784BC2C-E1C6-40E2-ABFD-6E1B5B821F0E}.Debug|Any CPU.ActiveCfg = Debug|Any CPU
		{2784BC2C-E1C6-40E2-ABFD-6E1B5B821F0E}.Debug|Any CPU.Build.0 = Debug|Any CPU
		{2784BC2C-E1C6-40E2-ABFD-6E1B5B821F0E}.Debug|x86.ActiveCfg = Debug|Any CPU
		{2784BC2C-E1C6-40E2-ABFD-6E1B5B821F0E}.Debug|x86.Build.0 = Debug|Any CPU
		{2784BC2C-E1C6-40E2-ABFD-6E1B5B821F0E}.Release|Any CPU.ActiveCfg = Release|Any CPU
		{2784BC2C-E1C6-40E2-ABFD-6E1B5B821F0E}.Release|Any CPU.Build.0 = Release|Any CPU
		{2784BC2C-E1C6-40E2-ABFD-6E1B5B821F0E}.Release|x86.ActiveCfg = Release|Any CPU
		{2784BC2C-E1C6-40E2-ABFD-6E1B5B821F0E}.Release|x86.Build.0 = Release|Any CPU
		{0272540F-D454-4633-9F67-B3EB1392D2C7}.Debug|Any CPU.ActiveCfg = Debug|x86
		{0272540F-D454-4633-9F67-B3EB1392D2C7}.Debug|x86.ActiveCfg = Debug|x86
		{0272540F-D454-4633-9F67-B3EB1392D2C7}.Debug|x86.Build.0 = Debug|x86
		{0272540F-D454-4633-9F67-B3EB1392D2C7}.Release|Any CPU.ActiveCfg = Release|x86
		{0272540F-D454-4633-9F67-B3EB1392D2C7}.Release|x86.ActiveCfg = Release|x86
		{0272540F-D454-4633-9F67-B3EB1392D2C7}.Release|x86.Build.0 = Release|x86
		{5DA09037-9BDF-4DE6-8928-29FD47B35230}.Debug|Any CPU.ActiveCfg = Debug|Any CPU
		{5DA09037-9BDF-4DE6-8928-29FD47B35230}.Debug|Any CPU.Build.0 = Debug|Any CPU
		{5DA09037-9BDF-4DE6-8928-29FD47B35230}.Debug|x86.ActiveCfg = Debug|x86
		{5DA09037-9BDF-4DE6-8928-29FD47B35230}.Debug|x86.Build.0 = Debug|x86
		{5DA09037-9BDF-4DE6-8928-29FD47B35230}.Release|Any CPU.ActiveCfg = Release|Any CPU
		{5DA09037-9BDF-4DE6-8928-29FD47B35230}.Release|Any CPU.Build.0 = Release|Any CPU
		{5DA09037-9BDF-4DE6-8928-29FD47B35230}.Release|x86.ActiveCfg = Release|x86
		{5DA09037-9BDF-4DE6-8928-29FD47B35230}.Release|x86.Build.0 = Release|x86
	EndGlobalSection
	GlobalSection(SolutionProperties) = preSolution
		HideSolutionNode = FALSE
	EndGlobalSection
	GlobalSection(NestedProjects) = preSolution
		{0272540F-D454-4633-9F67-B3EB1392D2C7} = {CD309A64-0CC6-4316-AA65-B203BAB88176}
		{5DA09037-9BDF-4DE6-8928-29FD47B35230} = {CD309A64-0CC6-4316-AA65-B203BAB88176}
	EndGlobalSection
EndGlobal
